
Microsoft Visual Studio Solution File, Format Version 12.00
# Visual Studio Version 17
VisualStudioVersion = 17.4.33110.190
MinimumVisualStudioVersion = 10.0.40219.1
Project("{2150E333-8FDC-42A3-9474-1A3956D46DE8}") = "~items", "~items", "{D245DFF2-72CA-4541-A96E-895D97687E65}"
	ProjectSection(SolutionItems) = preProject
		cc.isr.Vxi11.sln.vsspell = cc.isr.Vxi11.sln.vsspell
		..\CHANGELOG.md = ..\CHANGELOG.md
		..\LICENSE-CODE = ..\LICENSE-CODE
		..\README.md = ..\README.md
		items\readme.md = items\readme.md
		..\VXI-11.md = ..\VXI-11.md
	EndProjectSection
EndProject
Project("{2150E333-8FDC-42A3-9474-1A3956D46DE8}") = "vxi", "vxi", "{B43E7D88-74B0-40CA-B997-F8CF2CD24DCC}"
EndProject
Project("{2150E333-8FDC-42A3-9474-1A3956D46DE8}") = "rpc", "rpc", "{335AEC84-3DED-4726-8022-30E175D3769A}"
	ProjectSection(SolutionItems) = preProject
		..\..\oncrpc\onc.rpc.md = ..\..\oncrpc\onc.rpc.md
		..\..\oncrpc\src\items\readme.md = ..\..\oncrpc\src\items\readme.md
		..\..\oncrpc\src\items\version.build.bat = ..\..\oncrpc\src\items\version.build.bat
		..\..\oncrpc\src\items\version.build.props = ..\..\oncrpc\src\items\version.build.props
		..\..\oncrpc\src\items\version.build.tt = ..\..\oncrpc\src\items\version.build.tt
	EndProjectSection
EndProject
Project("{9A19103F-16F7-4668-BE54-9A1E7A4F7556}") = "cc.isr.VXI11", "vxi\vxi\cc.isr.VXI11.csproj", "{64C7D3CD-2617-4B4A-AFBA-7F71762D92AD}"
EndProject
Project("{9A19103F-16F7-4668-BE54-9A1E7A4F7556}") = "cc.isr.ONC.RPC", "..\..\oncrpc\src\rpc\oncrpc\cc.isr.ONC.RPC.csproj", "{BD1B215F-2602-4240-8E64-D504D804188A}"
EndProject
Project("{9A19103F-16F7-4668-BE54-9A1E7A4F7556}") = "cc.isr.XDR", "..\..\xdr\src\xdr\xdr\cc.isr.XDR.csproj", "{65445109-2895-4C85-93A5-9C510285B4AD}"
EndProject
Project("{9A19103F-16F7-4668-BE54-9A1E7A4F7556}") = "cc.isr.XDR.MSTest", "..\..\xdr\src\xdr\xdr.MSTest\cc.isr.XDR.MSTest.csproj", "{05887A3A-2F4B-4C49-B72F-B416B2430A2C}"
EndProject
Project("{2150E333-8FDC-42A3-9474-1A3956D46DE8}") = "xdr", "xdr", "{3BC97BEF-E1EA-47DC-9B51-30E570546C68}"
	ProjectSection(SolutionItems) = preProject
		..\..\xdr\src\items\version.build.bat = ..\..\xdr\src\items\version.build.bat
		..\..\xdr\src\items\version.build.props = ..\..\xdr\src\items\version.build.props
		..\..\xdr\src\items\version.build.tt = ..\..\xdr\src\items\version.build.tt
	EndProjectSection
EndProject
Project("{9A19103F-16F7-4668-BE54-9A1E7A4F7556}") = "cc.isr.ONC.RPC.MSTest", "..\..\oncrpc\src\rpc\oncrpc.mstest\cc.isr.ONC.RPC.MSTest.csproj", "{5868BF4C-64EF-4334-BA1A-764F33FCF4D2}"
EndProject
Project("{2150E333-8FDC-42A3-9474-1A3956D46DE8}") = "~build", "~build", "{F92F2C4E-9126-45AD-89F4-6104551ADEDA}"
	ProjectSection(SolutionItems) = preProject
		directory.build.props = directory.build.props
		items\version.build.bat = items\version.build.bat
		items\version.build.props = items\version.build.props
		items\version.build.tt = items\version.build.tt
	EndProjectSection
EndProject
Project("{9A19103F-16F7-4668-BE54-9A1E7A4F7556}") = "cc.isr.VXI11.MSTest", "vxi\vxi.mstest\cc.isr.VXI11.MSTest.csproj", "{589B8B25-BFD9-4A6A-B0CD-7797B16C31D8}"
EndProject
Project("{9A19103F-16F7-4668-BE54-9A1E7A4F7556}") = "cc.isr.VXI11.Discover", "apps\lxi.discover\cc.isr.VXI11.Discover.csproj", "{26B0B22B-025B-4EFD-AD29-30CC62862E5D}"
EndProject
Project("{9A19103F-16F7-4668-BE54-9A1E7A4F7556}") = "cc.isr.VXI11.ClientTester", "apps\vxi11.client.tester\cc.isr.VXI11.ClientTester.csproj", "{052BF9B4-745B-4AEF-9A71-D0743BAAA5C2}"
EndProject
Project("{9A19103F-16F7-4668-BE54-9A1E7A4F7556}") = "cc.isr.VXI11.InstrumentClientTester", "apps\vxi11.instrument.client.tester\cc.isr.VXI11.InstrumentClientTester.csproj", "{7AAB0479-E1EB-41AE-A83B-9B3CFBEB41A7}"
EndProject
Project("{9A19103F-16F7-4668-BE54-9A1E7A4F7556}") = "cc.isr.VXI11.SingleClientServerTester", "apps\vxi11.single.client.server.tester\cc.isr.VXI11.SingleClientServerTester.csproj", "{74045BB9-86DC-4BD4-9074-4CA124C91E42}"
EndProject
Project("{9A19103F-16F7-4668-BE54-9A1E7A4F7556}") = "cc.isr.VXI11.Client", "vxi\client\cc.isr.VXI11.Client.csproj", "{B682BAB9-179C-414C-9E85-56AA050CC2BD}"
EndProject
Project("{9A19103F-16F7-4668-BE54-9A1E7A4F7556}") = "cc.isr.VXI11.Server", "vxi\server\cc.isr.VXI11.Server.csproj", "{3A88CDBB-184D-47A8-9864-DE6C8BD97BFB}"
EndProject
Project("{9A19103F-16F7-4668-BE54-9A1E7A4F7556}") = "cc.isr.VXI11.AsyncEventHandlersTester", "apps\vxi11.AsyncEventHandlersTester\cc.isr.VXI11.AsyncEventHandlersTester.csproj", "{12D6CC35-2D57-406C-B5B2-3985BB3FA76B}"
EndProject
Global
	GlobalSection(SolutionConfigurationPlatforms) = preSolution
		Debug|Any CPU = Debug|Any CPU
		Release|Any CPU = Release|Any CPU
	EndGlobalSection
	GlobalSection(ProjectConfigurationPlatforms) = postSolution
		{64C7D3CD-2617-4B4A-AFBA-7F71762D92AD}.Debug|Any CPU.ActiveCfg = Debug|Any CPU
		{64C7D3CD-2617-4B4A-AFBA-7F71762D92AD}.Debug|Any CPU.Build.0 = Debug|Any CPU
		{64C7D3CD-2617-4B4A-AFBA-7F71762D92AD}.Release|Any CPU.ActiveCfg = Release|Any CPU
		{64C7D3CD-2617-4B4A-AFBA-7F71762D92AD}.Release|Any CPU.Build.0 = Release|Any CPU
		{BD1B215F-2602-4240-8E64-D504D804188A}.Debug|Any CPU.ActiveCfg = Debug|Any CPU
		{BD1B215F-2602-4240-8E64-D504D804188A}.Debug|Any CPU.Build.0 = Debug|Any CPU
		{BD1B215F-2602-4240-8E64-D504D804188A}.Release|Any CPU.ActiveCfg = Release|Any CPU
		{BD1B215F-2602-4240-8E64-D504D804188A}.Release|Any CPU.Build.0 = Release|Any CPU
		{65445109-2895-4C85-93A5-9C510285B4AD}.Debug|Any CPU.ActiveCfg = Debug|Any CPU
		{65445109-2895-4C85-93A5-9C510285B4AD}.Debug|Any CPU.Build.0 = Debug|Any CPU
		{65445109-2895-4C85-93A5-9C510285B4AD}.Release|Any CPU.ActiveCfg = Release|Any CPU
		{65445109-2895-4C85-93A5-9C510285B4AD}.Release|Any CPU.Build.0 = Release|Any CPU
		{05887A3A-2F4B-4C49-B72F-B416B2430A2C}.Debug|Any CPU.ActiveCfg = Debug|Any CPU
		{05887A3A-2F4B-4C49-B72F-B416B2430A2C}.Debug|Any CPU.Build.0 = Debug|Any CPU
		{05887A3A-2F4B-4C49-B72F-B416B2430A2C}.Release|Any CPU.ActiveCfg = Release|Any CPU
		{05887A3A-2F4B-4C49-B72F-B416B2430A2C}.Release|Any CPU.Build.0 = Release|Any CPU
		{5868BF4C-64EF-4334-BA1A-764F33FCF4D2}.Debug|Any CPU.ActiveCfg = Debug|Any CPU
		{5868BF4C-64EF-4334-BA1A-764F33FCF4D2}.Debug|Any CPU.Build.0 = Debug|Any CPU
		{5868BF4C-64EF-4334-BA1A-764F33FCF4D2}.Release|Any CPU.ActiveCfg = Release|Any CPU
		{5868BF4C-64EF-4334-BA1A-764F33FCF4D2}.Release|Any CPU.Build.0 = Release|Any CPU
		{589B8B25-BFD9-4A6A-B0CD-7797B16C31D8}.Debug|Any CPU.ActiveCfg = Debug|Any CPU
		{589B8B25-BFD9-4A6A-B0CD-7797B16C31D8}.Debug|Any CPU.Build.0 = Debug|Any CPU
		{589B8B25-BFD9-4A6A-B0CD-7797B16C31D8}.Release|Any CPU.ActiveCfg = Release|Any CPU
		{589B8B25-BFD9-4A6A-B0CD-7797B16C31D8}.Release|Any CPU.Build.0 = Release|Any CPU
		{26B0B22B-025B-4EFD-AD29-30CC62862E5D}.Debug|Any CPU.ActiveCfg = Debug|Any CPU
		{26B0B22B-025B-4EFD-AD29-30CC62862E5D}.Debug|Any CPU.Build.0 = Debug|Any CPU
		{26B0B22B-025B-4EFD-AD29-30CC62862E5D}.Release|Any CPU.ActiveCfg = Release|Any CPU
		{26B0B22B-025B-4EFD-AD29-30CC62862E5D}.Release|Any CPU.Build.0 = Release|Any CPU
		{052BF9B4-745B-4AEF-9A71-D0743BAAA5C2}.Debug|Any CPU.ActiveCfg = Debug|Any CPU
		{052BF9B4-745B-4AEF-9A71-D0743BAAA5C2}.Debug|Any CPU.Build.0 = Debug|Any CPU
		{052BF9B4-745B-4AEF-9A71-D0743BAAA5C2}.Release|Any CPU.ActiveCfg = Release|Any CPU
		{052BF9B4-745B-4AEF-9A71-D0743BAAA5C2}.Release|Any CPU.Build.0 = Release|Any CPU
		{7AAB0479-E1EB-41AE-A83B-9B3CFBEB41A7}.Debug|Any CPU.ActiveCfg = Debug|Any CPU
		{7AAB0479-E1EB-41AE-A83B-9B3CFBEB41A7}.Debug|Any CPU.Build.0 = Debug|Any CPU
		{7AAB0479-E1EB-41AE-A83B-9B3CFBEB41A7}.Release|Any CPU.ActiveCfg = Release|Any CPU
		{7AAB0479-E1EB-41AE-A83B-9B3CFBEB41A7}.Release|Any CPU.Build.0 = Release|Any CPU
		{74045BB9-86DC-4BD4-9074-4CA124C91E42}.Debug|Any CPU.ActiveCfg = Debug|Any CPU
		{74045BB9-86DC-4BD4-9074-4CA124C91E42}.Debug|Any CPU.Build.0 = Debug|Any CPU
		{74045BB9-86DC-4BD4-9074-4CA124C91E42}.Release|Any CPU.ActiveCfg = Release|Any CPU
		{74045BB9-86DC-4BD4-9074-4CA124C91E42}.Release|Any CPU.Build.0 = Release|Any CPU
		{B682BAB9-179C-414C-9E85-56AA050CC2BD}.Debug|Any CPU.ActiveCfg = Debug|Any CPU
		{B682BAB9-179C-414C-9E85-56AA050CC2BD}.Debug|Any CPU.Build.0 = Debug|Any CPU
		{B682BAB9-179C-414C-9E85-56AA050CC2BD}.Release|Any CPU.ActiveCfg = Release|Any CPU
		{B682BAB9-179C-414C-9E85-56AA050CC2BD}.Release|Any CPU.Build.0 = Release|Any CPU
		{3A88CDBB-184D-47A8-9864-DE6C8BD97BFB}.Debug|Any CPU.ActiveCfg = Debug|Any CPU
		{3A88CDBB-184D-47A8-9864-DE6C8BD97BFB}.Debug|Any CPU.Build.0 = Debug|Any CPU
		{3A88CDBB-184D-47A8-9864-DE6C8BD97BFB}.Release|Any CPU.ActiveCfg = Release|Any CPU
		{3A88CDBB-184D-47A8-9864-DE6C8BD97BFB}.Release|Any CPU.Build.0 = Release|Any CPU
		{12D6CC35-2D57-406C-B5B2-3985BB3FA76B}.Debug|Any CPU.ActiveCfg = Debug|Any CPU
		{12D6CC35-2D57-406C-B5B2-3985BB3FA76B}.Debug|Any CPU.Build.0 = Debug|Any CPU
		{12D6CC35-2D57-406C-B5B2-3985BB3FA76B}.Release|Any CPU.ActiveCfg = Release|Any CPU
		{12D6CC35-2D57-406C-B5B2-3985BB3FA76B}.Release|Any CPU.Build.0 = Release|Any CPU
	EndGlobalSection
	GlobalSection(SolutionProperties) = preSolution
		HideSolutionNode = FALSE
	EndGlobalSection
	GlobalSection(NestedProjects) = preSolution
		{64C7D3CD-2617-4B4A-AFBA-7F71762D92AD} = {B43E7D88-74B0-40CA-B997-F8CF2CD24DCC}
		{BD1B215F-2602-4240-8E64-D504D804188A} = {335AEC84-3DED-4726-8022-30E175D3769A}
		{65445109-2895-4C85-93A5-9C510285B4AD} = {3BC97BEF-E1EA-47DC-9B51-30E570546C68}
		{05887A3A-2F4B-4C49-B72F-B416B2430A2C} = {3BC97BEF-E1EA-47DC-9B51-30E570546C68}
		{5868BF4C-64EF-4334-BA1A-764F33FCF4D2} = {335AEC84-3DED-4726-8022-30E175D3769A}
		{589B8B25-BFD9-4A6A-B0CD-7797B16C31D8} = {B43E7D88-74B0-40CA-B997-F8CF2CD24DCC}
		{26B0B22B-025B-4EFD-AD29-30CC62862E5D} = {B43E7D88-74B0-40CA-B997-F8CF2CD24DCC}
		{052BF9B4-745B-4AEF-9A71-D0743BAAA5C2} = {B43E7D88-74B0-40CA-B997-F8CF2CD24DCC}
		{7AAB0479-E1EB-41AE-A83B-9B3CFBEB41A7} = {B43E7D88-74B0-40CA-B997-F8CF2CD24DCC}
		{74045BB9-86DC-4BD4-9074-4CA124C91E42} = {B43E7D88-74B0-40CA-B997-F8CF2CD24DCC}
		{B682BAB9-179C-414C-9E85-56AA050CC2BD} = {B43E7D88-74B0-40CA-B997-F8CF2CD24DCC}
		{3A88CDBB-184D-47A8-9864-DE6C8BD97BFB} = {B43E7D88-74B0-40CA-B997-F8CF2CD24DCC}
		{12D6CC35-2D57-406C-B5B2-3985BB3FA76B} = {B43E7D88-74B0-40CA-B997-F8CF2CD24DCC}
	EndGlobalSection
	GlobalSection(ExtensibilityGlobals) = postSolution
		SolutionGuid = {A0429F81-8254-4C93-A727-249FEAC06071}
	EndGlobalSection
EndGlobal
