
Microsoft Visual Studio Solution File, Format Version 12.00
# Visual Studio Version 17
VisualStudioVersion = 17.4.33110.190
MinimumVisualStudioVersion = 10.0.40219.1
Project("{9A19103F-16F7-4668-BE54-9A1E7A4F7556}") = "VXI11", "libs\vxi\VXI11.csproj", "{89AC9C41-2736-4253-94FA-55E66B43BD83}"
EndProject
Project("{9A19103F-16F7-4668-BE54-9A1E7A4F7556}") = "isr.Vxi11.Cli", "apps\cli\isr.Vxi11.Cli.csproj", "{FAC70051-0FA5-4E1F-9442-85438486FDEE}"
EndProject
Project("{2150E333-8FDC-42A3-9474-1A3956D46DE8}") = "~items", "~items", "{D245DFF2-72CA-4541-A96E-895D97687E65}"
	ProjectSection(SolutionItems) = preProject
		..\CHANGELOG.md = ..\CHANGELOG.md
		directory.build.props = directory.build.props
		isr.Vxi11.sln.vsspell = isr.Vxi11.sln.vsspell
		..\README.md = ..\README.md
		items\version.build.bat = items\version.build.bat
		items\version.build.props = items\version.build.props
		items\version.build.tt = items\version.build.tt
		..\VXI-11.md = ..\VXI-11.md
	EndProjectSection
EndProject
Project("{9A19103F-16F7-4668-BE54-9A1E7A4F7556}") = "VXI11.TestServer", "test\server\VXI11.TestServer.csproj", "{96B1574A-C84D-4314-8F83-E98FB8DE231A}"
EndProject
Project("{9A19103F-16F7-4668-BE54-9A1E7A4F7556}") = "VXI11.TestClient", "test\client\VXI11.TestClient.csproj", "{380762A4-4BCD-40FB-99F1-AAE715D70CF3}"
EndProject
Project("{9A19103F-16F7-4668-BE54-9A1E7A4F7556}") = "VXI11.Client.Helper", "libs\client.helper\VXI11.Client.Helper.csproj", "{A992FFA7-C2DA-444A-AD0F-90AA285903A6}"
EndProject
Project("{2150E333-8FDC-42A3-9474-1A3956D46DE8}") = "apps", "apps", "{634B096B-C487-43D9-96B5-05F4ABF87BA9}"
EndProject
Project("{2150E333-8FDC-42A3-9474-1A3956D46DE8}") = "vxi", "vxi", "{B43E7D88-74B0-40CA-B997-F8CF2CD24DCC}"
EndProject
Project("{2150E333-8FDC-42A3-9474-1A3956D46DE8}") = "test", "test", "{298D4079-4726-4328-B449-865FF6F9074C}"
EndProject
Project("{9A19103F-16F7-4668-BE54-9A1E7A4F7556}") = "isr.VXI11.Client.Maui.Concept", "libs\client.maui.concept\isr.VXI11.Client.Maui.Concept.csproj", "{7249E121-7ECF-48F5-B10F-F4F9D69A1EB8}"
EndProject
Global
	GlobalSection(SolutionConfigurationPlatforms) = preSolution
		Debug|Any CPU = Debug|Any CPU
		Release|Any CPU = Release|Any CPU
	EndGlobalSection
	GlobalSection(ProjectConfigurationPlatforms) = postSolution
		{89AC9C41-2736-4253-94FA-55E66B43BD83}.Debug|Any CPU.ActiveCfg = Debug|Any CPU
		{89AC9C41-2736-4253-94FA-55E66B43BD83}.Debug|Any CPU.Build.0 = Debug|Any CPU
		{89AC9C41-2736-4253-94FA-55E66B43BD83}.Release|Any CPU.ActiveCfg = Release|Any CPU
		{89AC9C41-2736-4253-94FA-55E66B43BD83}.Release|Any CPU.Build.0 = Release|Any CPU
		{FAC70051-0FA5-4E1F-9442-85438486FDEE}.Debug|Any CPU.ActiveCfg = Debug|Any CPU
		{FAC70051-0FA5-4E1F-9442-85438486FDEE}.Debug|Any CPU.Build.0 = Debug|Any CPU
		{FAC70051-0FA5-4E1F-9442-85438486FDEE}.Release|Any CPU.ActiveCfg = Release|Any CPU
		{FAC70051-0FA5-4E1F-9442-85438486FDEE}.Release|Any CPU.Build.0 = Release|Any CPU
		{96B1574A-C84D-4314-8F83-E98FB8DE231A}.Debug|Any CPU.ActiveCfg = Debug|Any CPU
		{96B1574A-C84D-4314-8F83-E98FB8DE231A}.Debug|Any CPU.Build.0 = Debug|Any CPU
		{96B1574A-C84D-4314-8F83-E98FB8DE231A}.Release|Any CPU.ActiveCfg = Release|Any CPU
		{96B1574A-C84D-4314-8F83-E98FB8DE231A}.Release|Any CPU.Build.0 = Release|Any CPU
		{380762A4-4BCD-40FB-99F1-AAE715D70CF3}.Debug|Any CPU.ActiveCfg = Debug|Any CPU
		{380762A4-4BCD-40FB-99F1-AAE715D70CF3}.Debug|Any CPU.Build.0 = Debug|Any CPU
		{380762A4-4BCD-40FB-99F1-AAE715D70CF3}.Release|Any CPU.ActiveCfg = Release|Any CPU
		{380762A4-4BCD-40FB-99F1-AAE715D70CF3}.Release|Any CPU.Build.0 = Release|Any CPU
		{A992FFA7-C2DA-444A-AD0F-90AA285903A6}.Debug|Any CPU.ActiveCfg = Debug|Any CPU
		{A992FFA7-C2DA-444A-AD0F-90AA285903A6}.Debug|Any CPU.Build.0 = Debug|Any CPU
		{A992FFA7-C2DA-444A-AD0F-90AA285903A6}.Release|Any CPU.ActiveCfg = Release|Any CPU
		{A992FFA7-C2DA-444A-AD0F-90AA285903A6}.Release|Any CPU.Build.0 = Release|Any CPU
		{7249E121-7ECF-48F5-B10F-F4F9D69A1EB8}.Debug|Any CPU.ActiveCfg = Debug|Any CPU
		{7249E121-7ECF-48F5-B10F-F4F9D69A1EB8}.Debug|Any CPU.Build.0 = Debug|Any CPU
		{7249E121-7ECF-48F5-B10F-F4F9D69A1EB8}.Debug|Any CPU.Deploy.0 = Debug|Any CPU
		{7249E121-7ECF-48F5-B10F-F4F9D69A1EB8}.Release|Any CPU.ActiveCfg = Release|Any CPU
		{7249E121-7ECF-48F5-B10F-F4F9D69A1EB8}.Release|Any CPU.Build.0 = Release|Any CPU
		{7249E121-7ECF-48F5-B10F-F4F9D69A1EB8}.Release|Any CPU.Deploy.0 = Release|Any CPU
	EndGlobalSection
	GlobalSection(SolutionProperties) = preSolution
		HideSolutionNode = FALSE
	EndGlobalSection
	GlobalSection(NestedProjects) = preSolution
		{89AC9C41-2736-4253-94FA-55E66B43BD83} = {B43E7D88-74B0-40CA-B997-F8CF2CD24DCC}
		{FAC70051-0FA5-4E1F-9442-85438486FDEE} = {634B096B-C487-43D9-96B5-05F4ABF87BA9}
		{96B1574A-C84D-4314-8F83-E98FB8DE231A} = {298D4079-4726-4328-B449-865FF6F9074C}
		{380762A4-4BCD-40FB-99F1-AAE715D70CF3} = {298D4079-4726-4328-B449-865FF6F9074C}
		{A992FFA7-C2DA-444A-AD0F-90AA285903A6} = {B43E7D88-74B0-40CA-B997-F8CF2CD24DCC}
		{7249E121-7ECF-48F5-B10F-F4F9D69A1EB8} = {B43E7D88-74B0-40CA-B997-F8CF2CD24DCC}
	EndGlobalSection
	GlobalSection(ExtensibilityGlobals) = postSolution
		SolutionGuid = {A0429F81-8254-4C93-A727-249FEAC06071}
	EndGlobalSection
EndGlobal
